
Microsoft Visual Studio Solution File, Format Version 12.00
# Visual Studio Version 17
VisualStudioVersion = 17.7.34221.43
MinimumVisualStudioVersion = 10.0.40219.1
Project("{FAE04EC0-301F-11D3-BF4B-00C04F79EFBC}") = "hw2-1_9_22", "hw2-1_9_22\hw2-1_9_22.csproj", "{C4A6E4A6-D6E6-4549-B678-437FB277D7DE}"
EndProject
Global
	GlobalSection(SolutionConfigurationPlatforms) = preSolution
		Debug|Any CPU = Debug|Any CPU
		Release|Any CPU = Release|Any CPU
	EndGlobalSection
	GlobalSection(ProjectConfigurationPlatforms) = postSolution
		{C4A6E4A6-D6E6-4549-B678-437FB277D7DE}.Debug|Any CPU.ActiveCfg = Debug|Any CPU
		{C4A6E4A6-D6E6-4549-B678-437FB277D7DE}.Debug|Any CPU.Build.0 = Debug|Any CPU
		{C4A6E4A6-D6E6-4549-B678-437FB277D7DE}.Release|Any CPU.ActiveCfg = Release|Any CPU
		{C4A6E4A6-D6E6-4549-B678-437FB277D7DE}.Release|Any CPU.Build.0 = Release|Any CPU
	EndGlobalSection
	GlobalSection(SolutionProperties) = preSolution
		HideSolutionNode = FALSE
	EndGlobalSection
	GlobalSection(ExtensibilityGlobals) = postSolution
		SolutionGuid = {B2B5E9CB-2864-4DEA-86D3-21AAEDF1D9B4}
	EndGlobalSection
EndGlobal
